// !$*UTF8*$!
{
	archiveVersion = 1;
	classes = {
	};
	objectVersion = 46;
	objects = {

/* Begin PBXBuildFile section */
		840BB4F91DA7625600AE0748 /* AppDelegate.swift in Sources */ = {isa = PBXBuildFile; fileRef = 840BB4F81DA7625600AE0748 /* AppDelegate.swift */; };
		840BB4FB1DA7625600AE0748 /* ViewController.swift in Sources */ = {isa = PBXBuildFile; fileRef = 840BB4FA1DA7625600AE0748 /* ViewController.swift */; };
		840BB4FE1DA7625600AE0748 /* Main.storyboard in Resources */ = {isa = PBXBuildFile; fileRef = 840BB4FC1DA7625600AE0748 /* Main.storyboard */; };
		840BB5001DA7625600AE0748 /* Assets.xcassets in Resources */ = {isa = PBXBuildFile; fileRef = 840BB4FF1DA7625600AE0748 /* Assets.xcassets */; };
		840BB5031DA7625600AE0748 /* LaunchScreen.storyboard in Resources */ = {isa = PBXBuildFile; fileRef = 840BB5011DA7625600AE0748 /* LaunchScreen.storyboard */; };
		840BB50E1DA7625600AE0748 /* lineLoginSampleTests.swift in Sources */ = {isa = PBXBuildFile; fileRef = 840BB50D1DA7625600AE0748 /* lineLoginSampleTests.swift */; };
		840BB5191DA7625600AE0748 /* lineLoginSampleUITests.swift in Sources */ = {isa = PBXBuildFile; fileRef = 840BB5181DA7625600AE0748 /* lineLoginSampleUITests.swift */; };
/* End PBXBuildFile section */

/* Begin PBXContainerItemProxy section */
		840BB50A1DA7625600AE0748 /* PBXContainerItemProxy */ = {
			isa = PBXContainerItemProxy;
			containerPortal = 840BB4ED1DA7625500AE0748 /* Project object */;
			proxyType = 1;
			remoteGlobalIDString = 840BB4F41DA7625500AE0748;
			remoteInfo = lineLoginSample;
		};
		840BB5151DA7625600AE0748 /* PBXContainerItemProxy */ = {
			isa = PBXContainerItemProxy;
			containerPortal = 840BB4ED1DA7625500AE0748 /* Project object */;
			proxyType = 1;
			remoteGlobalIDString = 840BB4F41DA7625500AE0748;
			remoteInfo = lineLoginSample;
		};
/* End PBXContainerItemProxy section */

/* Begin PBXFileReference section */
		840BB4F51DA7625600AE0748 /* lineLoginSample.app */ = {isa = PBXFileReference; explicitFileType = wrapper.application; includeInIndex = 0; path = lineLoginSample.app; sourceTree = BUILT_PRODUCTS_DIR; };
		840BB4F81DA7625600AE0748 /* AppDelegate.swift */ = {isa = PBXFileReference; lastKnownFileType = sourcecode.swift; path = AppDelegate.swift; sourceTree = "<group>"; };
		840BB4FA1DA7625600AE0748 /* ViewController.swift */ = {isa = PBXFileReference; lastKnownFileType = sourcecode.swift; path = ViewController.swift; sourceTree = "<group>"; };
		840BB4FD1DA7625600AE0748 /* Base */ = {isa = PBXFileReference; lastKnownFileType = file.storyboard; name = Base; path = Base.lproj/Main.storyboard; sourceTree = "<group>"; };
		840BB4FF1DA7625600AE0748 /* Assets.xcassets */ = {isa = PBXFileReference; lastKnownFileType = folder.assetcatalog; path = Assets.xcassets; sourceTree = "<group>"; };
		840BB5021DA7625600AE0748 /* Base */ = {isa = PBXFileReference; lastKnownFileType = file.storyboard; name = Base; path = Base.lproj/LaunchScreen.storyboard; sourceTree = "<group>"; };
		840BB5041DA7625600AE0748 /* Info.plist */ = {isa = PBXFileReference; lastKnownFileType = text.plist.xml; path = Info.plist; sourceTree = "<group>"; };
		840BB5091DA7625600AE0748 /* lineLoginSampleTests.xctest */ = {isa = PBXFileReference; explicitFileType = wrapper.cfbundle; includeInIndex = 0; path = lineLoginSampleTests.xctest; sourceTree = BUILT_PRODUCTS_DIR; };
		840BB50D1DA7625600AE0748 /* lineLoginSampleTests.swift */ = {isa = PBXFileReference; lastKnownFileType = sourcecode.swift; path = lineLoginSampleTests.swift; sourceTree = "<group>"; };
		840BB50F1DA7625600AE0748 /* Info.plist */ = {isa = PBXFileReference; lastKnownFileType = text.plist.xml; path = Info.plist; sourceTree = "<group>"; };
		840BB5141DA7625600AE0748 /* lineLoginSampleUITests.xctest */ = {isa = PBXFileReference; explicitFileType = wrapper.cfbundle; includeInIndex = 0; path = lineLoginSampleUITests.xctest; sourceTree = BUILT_PRODUCTS_DIR; };
		840BB5181DA7625600AE0748 /* lineLoginSampleUITests.swift */ = {isa = PBXFileReference; lastKnownFileType = sourcecode.swift; path = lineLoginSampleUITests.swift; sourceTree = "<group>"; };
		840BB51A1DA7625600AE0748 /* Info.plist */ = {isa = PBXFileReference; lastKnownFileType = text.plist.xml; path = Info.plist; sourceTree = "<group>"; };
/* End PBXFileReference section */

/* Begin PBXFrameworksBuildPhase section */
		840BB4F21DA7625500AE0748 /* Frameworks */ = {
			isa = PBXFrameworksBuildPhase;
			buildActionMask = 2147483647;
			files = (
			);
			runOnlyForDeploymentPostprocessing = 0;
		};
		840BB5061DA7625600AE0748 /* Frameworks */ = {
			isa = PBXFrameworksBuildPhase;
			buildActionMask = 2147483647;
			files = (
			);
			runOnlyForDeploymentPostprocessing = 0;
		};
		840BB5111DA7625600AE0748 /* Frameworks */ = {
			isa = PBXFrameworksBuildPhase;
			buildActionMask = 2147483647;
			files = (
			);
			runOnlyForDeploymentPostprocessing = 0;
		};
/* End PBXFrameworksBuildPhase section */

/* Begin PBXGroup section */
		840BB4EC1DA7625500AE0748 = {
			isa = PBXGroup;
			children = (
				840BB4F71DA7625600AE0748 /* lineLoginSample */,
				840BB50C1DA7625600AE0748 /* lineLoginSampleTests */,
				840BB5171DA7625600AE0748 /* lineLoginSampleUITests */,
				840BB4F61DA7625600AE0748 /* Products */,
			);
			sourceTree = "<group>";
		};
		840BB4F61DA7625600AE0748 /* Products */ = {
			isa = PBXGroup;
			children = (
				840BB4F51DA7625600AE0748 /* lineLoginSample.app */,
				840BB5091DA7625600AE0748 /* lineLoginSampleTests.xctest */,
				840BB5141DA7625600AE0748 /* lineLoginSampleUITests.xctest */,
			);
			name = Products;
			sourceTree = "<group>";
		};
		840BB4F71DA7625600AE0748 /* lineLoginSample */ = {
			isa = PBXGroup;
			children = (
				840BB4F81DA7625600AE0748 /* AppDelegate.swift */,
				840BB4FA1DA7625600AE0748 /* ViewController.swift */,
				840BB4FC1DA7625600AE0748 /* Main.storyboard */,
				840BB4FF1DA7625600AE0748 /* Assets.xcassets */,
				840BB5011DA7625600AE0748 /* LaunchScreen.storyboard */,
				840BB5041DA7625600AE0748 /* Info.plist */,
			);
			path = lineLoginSample;
			sourceTree = "<group>";
		};
		840BB50C1DA7625600AE0748 /* lineLoginSampleTests */ = {
			isa = PBXGroup;
			children = (
				840BB50D1DA7625600AE0748 /* lineLoginSampleTests.swift */,
				840BB50F1DA7625600AE0748 /* Info.plist */,
			);
			path = lineLoginSampleTests;
			sourceTree = "<group>";
		};
		840BB5171DA7625600AE0748 /* lineLoginSampleUITests */ = {
			isa = PBXGroup;
			children = (
				840BB5181DA7625600AE0748 /* lineLoginSampleUITests.swift */,
				840BB51A1DA7625600AE0748 /* Info.plist */,
			);
			path = lineLoginSampleUITests;
			sourceTree = "<group>";
		};
/* End PBXGroup section */

/* Begin PBXNativeTarget section */
		840BB4F41DA7625500AE0748 /* lineLoginSample */ = {
			isa = PBXNativeTarget;
			buildConfigurationList = 840BB51D1DA7625600AE0748 /* Build configuration list for PBXNativeTarget "lineLoginSample" */;
			buildPhases = (
				840BB4F11DA7625500AE0748 /* Sources */,
				840BB4F21DA7625500AE0748 /* Frameworks */,
				840BB4F31DA7625500AE0748 /* Resources */,
			);
			buildRules = (
			);
			dependencies = (
			);
			name = lineLoginSample;
			productName = lineLoginSample;
			productReference = 840BB4F51DA7625600AE0748 /* lineLoginSample.app */;
			productType = "com.apple.product-type.application";
		};
		840BB5081DA7625600AE0748 /* lineLoginSampleTests */ = {
			isa = PBXNativeTarget;
			buildConfigurationList = 840BB5201DA7625600AE0748 /* Build configuration list for PBXNativeTarget "lineLoginSampleTests" */;
			buildPhases = (
				840BB5051DA7625600AE0748 /* Sources */,
				840BB5061DA7625600AE0748 /* Frameworks */,
				840BB5071DA7625600AE0748 /* Resources */,
			);
			buildRules = (
			);
			dependencies = (
				840BB50B1DA7625600AE0748 /* PBXTargetDependency */,
			);
			name = lineLoginSampleTests;
			productName = lineLoginSampleTests;
			productReference = 840BB5091DA7625600AE0748 /* lineLoginSampleTests.xctest */;
			productType = "com.apple.product-type.bundle.unit-test";
		};
		840BB5131DA7625600AE0748 /* lineLoginSampleUITests */ = {
			isa = PBXNativeTarget;
			buildConfigurationList = 840BB5231DA7625600AE0748 /* Build configuration list for PBXNativeTarget "lineLoginSampleUITests" */;
			buildPhases = (
				840BB5101DA7625600AE0748 /* Sources */,
				840BB5111DA7625600AE0748 /* Frameworks */,
				840BB5121DA7625600AE0748 /* Resources */,
			);
			buildRules = (
			);
			dependencies = (
				840BB5161DA7625600AE0748 /* PBXTargetDependency */,
			);
			name = lineLoginSampleUITests;
			productName = lineLoginSampleUITests;
			productReference = 840BB5141DA7625600AE0748 /* lineLoginSampleUITests.xctest */;
			productType = "com.apple.product-type.bundle.ui-testing";
		};
/* End PBXNativeTarget section */

/* Begin PBXProject section */
		840BB4ED1DA7625500AE0748 /* Project object */ = {
			isa = PBXProject;
			attributes = {
				LastSwiftUpdateCheck = 0800;
				LastUpgradeCheck = 0800;
				ORGANIZATIONNAME = "はるふ";
				TargetAttributes = {
					840BB4F41DA7625500AE0748 = {
						CreatedOnToolsVersion = 8.0;
						ProvisioningStyle = Automatic;
					};
					840BB5081DA7625600AE0748 = {
						CreatedOnToolsVersion = 8.0;
						ProvisioningStyle = Automatic;
						TestTargetID = 840BB4F41DA7625500AE0748;
					};
					840BB5131DA7625600AE0748 = {
						CreatedOnToolsVersion = 8.0;
						ProvisioningStyle = Automatic;
						TestTargetID = 840BB4F41DA7625500AE0748;
					};
				};
			};
			buildConfigurationList = 840BB4F01DA7625500AE0748 /* Build configuration list for PBXProject "lineLoginSample" */;
			compatibilityVersion = "Xcode 3.2";
			developmentRegion = English;
			hasScannedForEncodings = 0;
			knownRegions = (
				en,
				Base,
			);
			mainGroup = 840BB4EC1DA7625500AE0748;
			productRefGroup = 840BB4F61DA7625600AE0748 /* Products */;
			projectDirPath = "";
			projectRoot = "";
			targets = (
				840BB4F41DA7625500AE0748 /* lineLoginSample */,
				840BB5081DA7625600AE0748 /* lineLoginSampleTests */,
				840BB5131DA7625600AE0748 /* lineLoginSampleUITests */,
			);
		};
/* End PBXProject section */

/* Begin PBXResourcesBuildPhase section */
		840BB4F31DA7625500AE0748 /* Resources */ = {
			isa = PBXResourcesBuildPhase;
			buildActionMask = 2147483647;
			files = (
				840BB5031DA7625600AE0748 /* LaunchScreen.storyboard in Resources */,
				840BB5001DA7625600AE0748 /* Assets.xcassets in Resources */,
				840BB4FE1DA7625600AE0748 /* Main.storyboard in Resources */,
			);
			runOnlyForDeploymentPostprocessing = 0;
		};
		840BB5071DA7625600AE0748 /* Resources */ = {
			isa = PBXResourcesBuildPhase;
			buildActionMask = 2147483647;
			files = (
			);
			runOnlyForDeploymentPostprocessing = 0;
		};
		840BB5121DA7625600AE0748 /* Resources */ = {
			isa = PBXResourcesBuildPhase;
			buildActionMask = 2147483647;
			files = (
			);
			runOnlyForDeploymentPostprocessing = 0;
		};
/* End PBXResourcesBuildPhase section */

/* Begin PBXSourcesBuildPhase section */
		840BB4F11DA7625500AE0748 /* Sources */ = {
			isa = PBXSourcesBuildPhase;
			buildActionMask = 2147483647;
			files = (
				840BB4FB1DA7625600AE0748 /* ViewController.swift in Sources */,
				840BB4F91DA7625600AE0748 /* AppDelegate.swift in Sources */,
			);
			runOnlyForDeploymentPostprocessing = 0;
		};
		840BB5051DA7625600AE0748 /* Sources */ = {
			isa = PBXSourcesBuildPhase;
			buildActionMask = 2147483647;
			files = (
				840BB50E1DA7625600AE0748 /* lineLoginSampleTests.swift in Sources */,
			);
			runOnlyForDeploymentPostprocessing = 0;
		};
		840BB5101DA7625600AE0748 /* Sources */ = {
			isa = PBXSourcesBuildPhase;
			buildActionMask = 2147483647;
			files = (
				840BB5191DA7625600AE0748 /* lineLoginSampleUITests.swift in Sources */,
			);
			runOnlyForDeploymentPostprocessing = 0;
		};
/* End PBXSourcesBuildPhase section */

/* Begin PBXTargetDependency section */
		840BB50B1DA7625600AE0748 /* PBXTargetDependency */ = {
			isa = PBXTargetDependency;
			target = 840BB4F41DA7625500AE0748 /* lineLoginSample */;
			targetProxy = 840BB50A1DA7625600AE0748 /* PBXContainerItemProxy */;
		};
		840BB5161DA7625600AE0748 /* PBXTargetDependency */ = {
			isa = PBXTargetDependency;
			target = 840BB4F41DA7625500AE0748 /* lineLoginSample */;
			targetProxy = 840BB5151DA7625600AE0748 /* PBXContainerItemProxy */;
		};
/* End PBXTargetDependency section */

/* Begin PBXVariantGroup section */
		840BB4FC1DA7625600AE0748 /* Main.storyboard */ = {
			isa = PBXVariantGroup;
			children = (
				840BB4FD1DA7625600AE0748 /* Base */,
			);
			name = Main.storyboard;
			sourceTree = "<group>";
		};
		840BB5011DA7625600AE0748 /* LaunchScreen.storyboard */ = {
			isa = PBXVariantGroup;
			children = (
				840BB5021DA7625600AE0748 /* Base */,
			);
			name = LaunchScreen.storyboard;
			sourceTree = "<group>";
		};
/* End PBXVariantGroup section */

/* Begin XCBuildConfiguration section */
		840BB51B1DA7625600AE0748 /* Debug */ = {
			isa = XCBuildConfiguration;
			buildSettings = {
				ALWAYS_SEARCH_USER_PATHS = NO;
				CLANG_ANALYZER_NONNULL = YES;
				CLANG_CXX_LANGUAGE_STANDARD = "gnu++0x";
				CLANG_CXX_LIBRARY = "libc++";
				CLANG_ENABLE_MODULES = YES;
				CLANG_ENABLE_OBJC_ARC = YES;
				CLANG_WARN_BOOL_CONVERSION = YES;
				CLANG_WARN_CONSTANT_CONVERSION = YES;
				CLANG_WARN_DIRECT_OBJC_ISA_USAGE = YES_ERROR;
				CLANG_WARN_DOCUMENTATION_COMMENTS = YES;
				CLANG_WARN_EMPTY_BODY = YES;
				CLANG_WARN_ENUM_CONVERSION = YES;
				CLANG_WARN_INFINITE_RECURSION = YES;
				CLANG_WARN_INT_CONVERSION = YES;
				CLANG_WARN_OBJC_ROOT_CLASS = YES_ERROR;
				CLANG_WARN_SUSPICIOUS_MOVES = YES;
				CLANG_WARN_UNREACHABLE_CODE = YES;
				CLANG_WARN__DUPLICATE_METHOD_MATCH = YES;
				"CODE_SIGN_IDENTITY[sdk=iphoneos*]" = "iPhone Developer";
				COPY_PHASE_STRIP = NO;
				DEBUG_INFORMATION_FORMAT = dwarf;
				ENABLE_STRICT_OBJC_MSGSEND = YES;
				ENABLE_TESTABILITY = YES;
				GCC_C_LANGUAGE_STANDARD = gnu99;
				GCC_DYNAMIC_NO_PIC = NO;
				GCC_NO_COMMON_BLOCKS = YES;
				GCC_OPTIMIZATION_LEVEL = 0;
				GCC_PREPROCESSOR_DEFINITIONS = (
					"DEBUG=1",
					"$(inherited)",
				);
				GCC_WARN_64_TO_32_BIT_CONVERSION = YES;
				GCC_WARN_ABOUT_RETURN_TYPE = YES_ERROR;
				GCC_WARN_UNDECLARED_SELECTOR = YES;
				GCC_WARN_UNINITIALIZED_AUTOS = YES_AGGRESSIVE;
				GCC_WARN_UNUSED_FUNCTION = YES;
				GCC_WARN_UNUSED_VARIABLE = YES;
				IPHONEOS_DEPLOYMENT_TARGET = 10.0;
				MTL_ENABLE_DEBUG_INFO = YES;
				ONLY_ACTIVE_ARCH = YES;
				SDKROOT = iphoneos;
				SWIFT_ACTIVE_COMPILATION_CONDITIONS = DEBUG;
				SWIFT_OPTIMIZATION_LEVEL = "-Onone";
				TARGETED_DEVICE_FAMILY = "1,2";
			};
			name = Debug;
		};
		840BB51C1DA7625600AE0748 /* Release */ = {
			isa = XCBuildConfiguration;
			buildSettings = {
				ALWAYS_SEARCH_USER_PATHS = NO;
				CLANG_ANALYZER_NONNULL = YES;
				CLANG_CXX_LANGUAGE_STANDARD = "gnu++0x";
				CLANG_CXX_LIBRARY = "libc++";
				CLANG_ENABLE_MODULES = YES;
				CLANG_ENABLE_OBJC_ARC = YES;
				CLANG_WARN_BOOL_CONVERSION = YES;
				CLANG_WARN_CONSTANT_CONVERSION = YES;
				CLANG_WARN_DIRECT_OBJC_ISA_USAGE = YES_ERROR;
				CLANG_WARN_DOCUMENTATION_COMMENTS = YES;
				CLANG_WARN_EMPTY_BODY = YES;
				CLANG_WARN_ENUM_CONVERSION = YES;
				CLANG_WARN_INFINITE_RECURSION = YES;
				CLANG_WARN_INT_CONVERSION = YES;
				CLANG_WARN_OBJC_ROOT_CLASS = YES_ERROR;
				CLANG_WARN_SUSPICIOUS_MOVES = YES;
				CLANG_WARN_UNREACHABLE_CODE = YES;
				CLANG_WARN__DUPLICATE_METHOD_MATCH = YES;
				"CODE_SIGN_IDENTITY[sdk=iphoneos*]" = "iPhone Developer";
				COPY_PHASE_STRIP = NO;
				DEBUG_INFORMATION_FORMAT = "dwarf-with-dsym";
				ENABLE_NS_ASSERTIONS = NO;
				ENABLE_STRICT_OBJC_MSGSEND = YES;
				GCC_C_LANGUAGE_STANDARD = gnu99;
				GCC_NO_COMMON_BLOCKS = YES;
				GCC_WARN_64_TO_32_BIT_CONVERSION = YES;
				GCC_WARN_ABOUT_RETURN_TYPE = YES_ERROR;
				GCC_WARN_UNDECLARED_SELECTOR = YES;
				GCC_WARN_UNINITIALIZED_AUTOS = YES_AGGRESSIVE;
				GCC_WARN_UNUSED_FUNCTION = YES;
				GCC_WARN_UNUSED_VARIABLE = YES;
				IPHONEOS_DEPLOYMENT_TARGET = 10.0;
				MTL_ENABLE_DEBUG_INFO = NO;
				SDKROOT = iphoneos;
				SWIFT_OPTIMIZATION_LEVEL = "-Owholemodule";
				TARGETED_DEVICE_FAMILY = "1,2";
				VALIDATE_PRODUCT = YES;
			};
			name = Release;
		};
		840BB51E1DA7625600AE0748 /* Debug */ = {
			isa = XCBuildConfiguration;
			buildSettings = {
				ASSETCATALOG_COMPILER_APPICON_NAME = AppIcon;
				INFOPLIST_FILE = lineLoginSample/Info.plist;
				LD_RUNPATH_SEARCH_PATHS = "$(inherited) @executable_path/Frameworks";
				PRODUCT_BUNDLE_IDENTIFIER = net.ha1f.lineLoginSample;
				PRODUCT_NAME = "$(TARGET_NAME)";
				SWIFT_VERSION = 3.0;
			};
			name = Debug;
		};
		840BB51F1DA7625600AE0748 /* Release */ = {
			isa = XCBuildConfiguration;
			buildSettings = {
				ASSETCATALOG_COMPILER_APPICON_NAME = AppIcon;
				INFOPLIST_FILE = lineLoginSample/Info.plist;
				LD_RUNPATH_SEARCH_PATHS = "$(inherited) @executable_path/Frameworks";
				PRODUCT_BUNDLE_IDENTIFIER = net.ha1f.lineLoginSample;
				PRODUCT_NAME = "$(TARGET_NAME)";
				SWIFT_VERSION = 3.0;
			};
			name = Release;
		};
		840BB5211DA7625600AE0748 /* Debug */ = {
			isa = XCBuildConfiguration;
			buildSettings = {
				ALWAYS_EMBED_SWIFT_STANDARD_LIBRARIES = YES;
				BUNDLE_LOADER = "$(TEST_HOST)";
				INFOPLIST_FILE = lineLoginSampleTests/Info.plist;
				LD_RUNPATH_SEARCH_PATHS = "$(inherited) @executable_path/Frameworks @loader_path/Frameworks";
				PRODUCT_BUNDLE_IDENTIFIER = net.ha1f.lineLoginSampleTests;
				PRODUCT_NAME = "$(TARGET_NAME)";
				SWIFT_VERSION = 3.0;
				TEST_HOST = "$(BUILT_PRODUCTS_DIR)/lineLoginSample.app/lineLoginSample";
			};
			name = Debug;
		};
		840BB5221DA7625600AE0748 /* Release */ = {
			isa = XCBuildConfiguration;
			buildSettings = {
				ALWAYS_EMBED_SWIFT_STANDARD_LIBRARIES = YES;
				BUNDLE_LOADER = "$(TEST_HOST)";
				INFOPLIST_FILE = lineLoginSampleTests/Info.plist;
				LD_RUNPATH_SEARCH_PATHS = "$(inherited) @executable_path/Frameworks @loader_path/Frameworks";
				PRODUCT_BUNDLE_IDENTIFIER = net.ha1f.lineLoginSampleTests;
				PRODUCT_NAME = "$(TARGET_NAME)";
				SWIFT_VERSION = 3.0;
				TEST_HOST = "$(BUILT_PRODUCTS_DIR)/lineLoginSample.app/lineLoginSample";
			};
			name = Release;
		};
		840BB5241DA7625600AE0748 /* Debug */ = {
			isa = XCBuildConfiguration;
			buildSettings = {
				ALWAYS_EMBED_SWIFT_STANDARD_LIBRARIES = YES;
				INFOPLIST_FILE = lineLoginSampleUITests/Info.plist;
				LD_RUNPATH_SEARCH_PATHS = "$(inherited) @executable_path/Frameworks @loader_path/Frameworks";
				PRODUCT_BUNDLE_IDENTIFIER = net.ha1f.lineLoginSampleUITests;
				PRODUCT_NAME = "$(TARGET_NAME)";
				SWIFT_VERSION = 3.0;
				TEST_TARGET_NAME = lineLoginSample;
			};
			name = Debug;
		};
		840BB5251DA7625600AE0748 /* Release */ = {
			isa = XCBuildConfiguration;
			buildSettings = {
				ALWAYS_EMBED_SWIFT_STANDARD_LIBRARIES = YES;
				INFOPLIST_FILE = lineLoginSampleUITests/Info.plist;
				LD_RUNPATH_SEARCH_PATHS = "$(inherited) @executable_path/Frameworks @loader_path/Frameworks";
				PRODUCT_BUNDLE_IDENTIFIER = net.ha1f.lineLoginSampleUITests;
				PRODUCT_NAME = "$(TARGET_NAME)";
				SWIFT_VERSION = 3.0;
				TEST_TARGET_NAME = lineLoginSample;
			};
			name = Release;
		};
/* End XCBuildConfiguration section */

/* Begin XCConfigurationList section */
		840BB4F01DA7625500AE0748 /* Build configuration list for PBXProject "lineLoginSample" */ = {
			isa = XCConfigurationList;
			buildConfigurations = (
				840BB51B1DA7625600AE0748 /* Debug */,
				840BB51C1DA7625600AE0748 /* Release */,
			);
			defaultConfigurationIsVisible = 0;
			defaultConfigurationName = Release;
		};
		840BB51D1DA7625600AE0748 /* Build configuration list for PBXNativeTarget "lineLoginSample" */ = {
			isa = XCConfigurationList;
			buildConfigurations = (
				840BB51E1DA7625600AE0748 /* Debug */,
				840BB51F1DA7625600AE0748 /* Release */,
			);
			defaultConfigurationIsVisible = 0;
		};
		840BB5201DA7625600AE0748 /* Build configuration list for PBXNativeTarget "lineLoginSampleTests" */ = {
			isa = XCConfigurationList;
			buildConfigurations = (
				840BB5211DA7625600AE0748 /* Debug */,
				840BB5221DA7625600AE0748 /* Release */,
			);
			defaultConfigurationIsVisible = 0;
		};
		840BB5231DA7625600AE0748 /* Build configuration list for PBXNativeTarget "lineLoginSampleUITests" */ = {
			isa = XCConfigurationList;
			buildConfigurations = (
				840BB5241DA7625600AE0748 /* Debug */,
				840BB5251DA7625600AE0748 /* Release */,
			);
			defaultConfigurationIsVisible = 0;
		};
/* End XCConfigurationList section */
	};
	rootObject = 840BB4ED1DA7625500AE0748 /* Project object */;
}
